// !$*UTF8*$!
{
	archiveVersion = 1;
	classes = {
	};
	objectVersion = 46;
	objects = {

/* Begin PBXBuildFile section */
		2999D3351D8B05CD00207D54 /* AppDelegate.swift in Sources */ = {isa = PBXBuildFile; fileRef = 2999D3341D8B05CD00207D54 /* AppDelegate.swift */; };
		2999D3371D8B05CD00207D54 /* ViewController.swift in Sources */ = {isa = PBXBuildFile; fileRef = 2999D3361D8B05CD00207D54 /* ViewController.swift */; };
		2999D33A1D8B05CD00207D54 /* Main.storyboard in Resources */ = {isa = PBXBuildFile; fileRef = 2999D3381D8B05CD00207D54 /* Main.storyboard */; };
		2999D33C1D8B05CD00207D54 /* Assets.xcassets in Resources */ = {isa = PBXBuildFile; fileRef = 2999D33B1D8B05CD00207D54 /* Assets.xcassets */; };
		2999D33F1D8B05CD00207D54 /* LaunchScreen.storyboard in Resources */ = {isa = PBXBuildFile; fileRef = 2999D33D1D8B05CD00207D54 /* LaunchScreen.storyboard */; };
/* End PBXBuildFile section */

/* Begin PBXFileReference section */
		2999D3311D8B05CD00207D54 /* tipCalculator.app */ = {isa = PBXFileReference; explicitFileType = wrapper.application; includeInIndex = 0; path = tipCalculator.app; sourceTree = BUILT_PRODUCTS_DIR; };
		2999D3341D8B05CD00207D54 /* AppDelegate.swift */ = {isa = PBXFileReference; lastKnownFileType = sourcecode.swift; path = AppDelegate.swift; sourceTree = "<group>"; };
		2999D3361D8B05CD00207D54 /* ViewController.swift */ = {isa = PBXFileReference; lastKnownFileType = sourcecode.swift; path = ViewController.swift; sourceTree = "<group>"; };
		2999D3391D8B05CD00207D54 /* Base */ = {isa = PBXFileReference; lastKnownFileType = file.storyboard; name = Base; path = Base.lproj/Main.storyboard; sourceTree = "<group>"; };
		2999D33B1D8B05CD00207D54 /* Assets.xcassets */ = {isa = PBXFileReference; lastKnownFileType = folder.assetcatalog; path = Assets.xcassets; sourceTree = "<group>"; };
		2999D33E1D8B05CD00207D54 /* Base */ = {isa = PBXFileReference; lastKnownFileType = file.storyboard; name = Base; path = Base.lproj/LaunchScreen.storyboard; sourceTree = "<group>"; };
		2999D3401D8B05CD00207D54 /* Info.plist */ = {isa = PBXFileReference; lastKnownFileType = text.plist.xml; path = Info.plist; sourceTree = "<group>"; };
/* End PBXFileReference section */

/* Begin PBXFrameworksBuildPhase section */
		2999D32E1D8B05CD00207D54 /* Frameworks */ = {
			isa = PBXFrameworksBuildPhase;
			buildActionMask = 2147483647;
			files = (
			);
			runOnlyForDeploymentPostprocessing = 0;
		};
/* End PBXFrameworksBuildPhase section */

/* Begin PBXGroup section */
		2999D3281D8B05CD00207D54 = {
			isa = PBXGroup;
			children = (
				2999D3331D8B05CD00207D54 /* tipCalculator */,
				2999D3321D8B05CD00207D54 /* Products */,
			);
			sourceTree = "<group>";
		};
		2999D3321D8B05CD00207D54 /* Products */ = {
			isa = PBXGroup;
			children = (
				2999D3311D8B05CD00207D54 /* tipCalculator.app */,
			);
			name = Products;
			sourceTree = "<group>";
		};
		2999D3331D8B05CD00207D54 /* tipCalculator */ = {
			isa = PBXGroup;
			children = (
				2999D3341D8B05CD00207D54 /* AppDelegate.swift */,
				2999D3361D8B05CD00207D54 /* ViewController.swift */,
				2999D3381D8B05CD00207D54 /* Main.storyboard */,
				2999D33B1D8B05CD00207D54 /* Assets.xcassets */,
				2999D33D1D8B05CD00207D54 /* LaunchScreen.storyboard */,
				2999D3401D8B05CD00207D54 /* Info.plist */,
			);
			path = tipCalculator;
			sourceTree = "<group>";
		};
/* End PBXGroup section */

/* Begin PBXNativeTarget section */
		2999D3301D8B05CD00207D54 /* tipCalculator */ = {
			isa = PBXNativeTarget;
			buildConfigurationList = 2999D3431D8B05CD00207D54 /* Build configuration list for PBXNativeTarget "tipCalculator" */;
			buildPhases = (
				2999D32D1D8B05CD00207D54 /* Sources */,
				2999D32E1D8B05CD00207D54 /* Frameworks */,
				2999D32F1D8B05CD00207D54 /* Resources */,
			);
			buildRules = (
			);
			dependencies = (
			);
			name = tipCalculator;
			productName = tipCalculator;
			productReference = 2999D3311D8B05CD00207D54 /* tipCalculator.app */;
			productType = "com.apple.product-type.application";
		};
/* End PBXNativeTarget section */

/* Begin PBXProject section */
		2999D3291D8B05CD00207D54 /* Project object */ = {
			isa = PBXProject;
			attributes = {
				LastSwiftUpdateCheck = 0730;
				LastUpgradeCheck = 0730;
				ORGANIZATIONNAME = PC;
				TargetAttributes = {
					2999D3301D8B05CD00207D54 = {
						CreatedOnToolsVersion = 7.3.1;
						DevelopmentTeam = 383FLRBYNN;
					};
				};
			};
			buildConfigurationList = 2999D32C1D8B05CD00207D54 /* Build configuration list for PBXProject "tipCalculator" */;
			compatibilityVersion = "Xcode 3.2";
			developmentRegion = English;
			hasScannedForEncodings = 0;
			knownRegions = (
				en,
				Base,
			);
			mainGroup = 2999D3281D8B05CD00207D54;
			productRefGroup = 2999D3321D8B05CD00207D54 /* Products */;
			projectDirPath = "";
			projectRoot = "";
			targets = (
				2999D3301D8B05CD00207D54 /* tipCalculator */,
			);
		};
/* End PBXProject section */

/* Begin PBXResourcesBuildPhase section */
		2999D32F1D8B05CD00207D54 /* Resources */ = {
			isa = PBXResourcesBuildPhase;
			buildActionMask = 2147483647;
			files = (
				2999D33F1D8B05CD00207D54 /* LaunchScreen.storyboard in Resources */,
				2999D33C1D8B05CD00207D54 /* Assets.xcassets in Resources */,
				2999D33A1D8B05CD00207D54 /* Main.storyboard in Resources */,
			);
			runOnlyForDeploymentPostprocessing = 0;
		};
/* End PBXResourcesBuildPhase section */

/* Begin PBXSourcesBuildPhase section */
		2999D32D1D8B05CD00207D54 /* Sources */ = {
			isa = PBXSourcesBuildPhase;
			buildActionMask = 2147483647;
			files = (
				2999D3371D8B05CD00207D54 /* ViewController.swift in Sources */,
				2999D3351D8B05CD00207D54 /* AppDelegate.swift in Sources */,
			);
			runOnlyForDeploymentPostprocessing = 0;
		};
/* End PBXSourcesBuildPhase section */

/* Begin PBXVariantGroup section */
		2999D3381D8B05CD00207D54 /* Main.storyboard */ = {
			isa = PBXVariantGroup;
			children = (
				2999D3391D8B05CD00207D54 /* Base */,
			);
			name = Main.storyboard;
			sourceTree = "<group>";
		};
		2999D33D1D8B05CD00207D54 /* LaunchScreen.storyboard */ = {
			isa = PBXVariantGroup;
			children = (
				2999D33E1D8B05CD00207D54 /* Base */,
			);
			name = LaunchScreen.storyboard;
			sourceTree = "<group>";
		};
/* End PBXVariantGroup section */

/* Begin XCBuildConfiguration section */
		2999D3411D8B05CD00207D54 /* Debug */ = {
			isa = XCBuildConfiguration;
			buildSettings = {
				ALWAYS_SEARCH_USER_PATHS = NO;
				CLANG_ANALYZER_NONNULL = YES;
				CLANG_CXX_LANGUAGE_STANDARD = "gnu++0x";
				CLANG_CXX_LIBRARY = "libc++";
				CLANG_ENABLE_MODULES = YES;
				CLANG_ENABLE_OBJC_ARC = YES;
				CLANG_WARN_BOOL_CONVERSION = YES;
				CLANG_WARN_CONSTANT_CONVERSION = YES;
				CLANG_WARN_DIRECT_OBJC_ISA_USAGE = YES_ERROR;
				CLANG_WARN_EMPTY_BODY = YES;
				CLANG_WARN_ENUM_CONVERSION = YES;
				CLANG_WARN_INT_CONVERSION = YES;
				CLANG_WARN_OBJC_ROOT_CLASS = YES_ERROR;
				CLANG_WARN_UNREACHABLE_CODE = YES;
				CLANG_WARN__DUPLICATE_METHOD_MATCH = YES;
				"CODE_SIGN_IDENTITY[sdk=iphoneos*]" = "iPhone Developer";
				COPY_PHASE_STRIP = NO;
				DEBUG_INFORMATION_FORMAT = dwarf;
				ENABLE_STRICT_OBJC_MSGSEND = YES;
				ENABLE_TESTABILITY = YES;
				GCC_C_LANGUAGE_STANDARD = gnu99;
				GCC_DYNAMIC_NO_PIC = NO;
				GCC_NO_COMMON_BLOCKS = YES;
				GCC_OPTIMIZATION_LEVEL = 0;
				GCC_PREPROCESSOR_DEFINITIONS = (
					"DEBUG=1",
					"$(inherited)",
				);
				GCC_WARN_64_TO_32_BIT_CONVERSION = YES;
				GCC_WARN_ABOUT_RETURN_TYPE = YES_ERROR;
				GCC_WARN_UNDECLARED_SELECTOR = YES;
				GCC_WARN_UNINITIALIZED_AUTOS = YES_AGGRESSIVE;
				GCC_WARN_UNUSED_FUNCTION = YES;
				GCC_WARN_UNUSED_VARIABLE = YES;
				IPHONEOS_DEPLOYMENT_TARGET = 9.3;
				MTL_ENABLE_DEBUG_INFO = YES;
				ONLY_ACTIVE_ARCH = YES;
				SDKROOT = iphoneos;
				SWIFT_OPTIMIZATION_LEVEL = "-Onone";
				TARGETED_DEVICE_FAMILY = "1,2";
			};
			name = Debug;
		};
		2999D3421D8B05CD00207D54 /* Release */ = {
			isa = XCBuildConfiguration;
			buildSettings = {
				ALWAYS_SEARCH_USER_PATHS = NO;
				CLANG_ANALYZER_NONNULL = YES;
				CLANG_CXX_LANGUAGE_STANDARD = "gnu++0x";
				CLANG_CXX_LIBRARY = "libc++";
				CLANG_ENABLE_MODULES = YES;
				CLANG_ENABLE_OBJC_ARC = YES;
				CLANG_WARN_BOOL_CONVERSION = YES;
				CLANG_WARN_CONSTANT_CONVERSION = YES;
				CLANG_WARN_DIRECT_OBJC_ISA_USAGE = YES_ERROR;
				CLANG_WARN_EMPTY_BODY = YES;
				CLANG_WARN_ENUM_CONVERSION = YES;
				CLANG_WARN_INT_CONVERSION = YES;
				CLANG_WARN_OBJC_ROOT_CLASS = YES_ERROR;
				CLANG_WARN_UNREACHABLE_CODE = YES;
				CLANG_WARN__DUPLICATE_METHOD_MATCH = YES;
				"CODE_SIGN_IDENTITY[sdk=iphoneos*]" = "iPhone Developer";
				COPY_PHASE_STRIP = NO;
				DEBUG_INFORMATION_FORMAT = "dwarf-with-dsym";
				ENABLE_NS_ASSERTIONS = NO;
				ENABLE_STRICT_OBJC_MSGSEND = YES;
				GCC_C_LANGUAGE_STANDARD = gnu99;
				GCC_NO_COMMON_BLOCKS = YES;
				GCC_WARN_64_TO_32_BIT_CONVERSION = YES;
				GCC_WARN_ABOUT_RETURN_TYPE = YES_ERROR;
				GCC_WARN_UNDECLARED_SELECTOR = YES;
				GCC_WARN_UNINITIALIZED_AUTOS = YES_AGGRESSIVE;
				GCC_WARN_UNUSED_FUNCTION = YES;
				GCC_WARN_UNUSED_VARIABLE = YES;
				IPHONEOS_DEPLOYMENT_TARGET = 9.3;
				MTL_ENABLE_DEBUG_INFO = NO;
				SDKROOT = iphoneos;
				TARGETED_DEVICE_FAMILY = "1,2";
				VALIDATE_PRODUCT = YES;
			};
			name = Release;
		};
		2999D3441D8B05CD00207D54 /* Debug */ = {
			isa = XCBuildConfiguration;
			buildSettings = {
				ASSETCATALOG_COMPILER_APPICON_NAME = AppIcon;
				INFOPLIST_FILE = tipCalculator/Info.plist;
				LD_RUNPATH_SEARCH_PATHS = "$(inherited) @executable_path/Frameworks";
				PRODUCT_BUNDLE_IDENTIFIER = tictac.pc.chau.tipCalculator;
				PRODUCT_NAME = "$(TARGET_NAME)";
			};
			name = Debug;
		};
		2999D3451D8B05CD00207D54 /* Release */ = {
			isa = XCBuildConfiguration;
			buildSettings = {
				ASSETCATALOG_COMPILER_APPICON_NAME = AppIcon;
				INFOPLIST_FILE = tipCalculator/Info.plist;
				LD_RUNPATH_SEARCH_PATHS = "$(inherited) @executable_path/Frameworks";
				PRODUCT_BUNDLE_IDENTIFIER = tictac.pc.chau.tipCalculator;
				PRODUCT_NAME = "$(TARGET_NAME)";
			};
			name = Release;
		};
/* End XCBuildConfiguration section */

/* Begin XCConfigurationList section */
		2999D32C1D8B05CD00207D54 /* Build configuration list for PBXProject "tipCalculator" */ = {
			isa = XCConfigurationList;
			buildConfigurations = (
				2999D3411D8B05CD00207D54 /* Debug */,
				2999D3421D8B05CD00207D54 /* Release */,
			);
			defaultConfigurationIsVisible = 0;
			defaultConfigurationName = Release;
		};
		2999D3431D8B05CD00207D54 /* Build configuration list for PBXNativeTarget "tipCalculator" */ = {
			isa = XCConfigurationList;
			buildConfigurations = (
				2999D3441D8B05CD00207D54 /* Debug */,
				2999D3451D8B05CD00207D54 /* Release */,
			);
			defaultConfigurationIsVisible = 0;
		};
/* End XCConfigurationList section */
	};
	rootObject = 2999D3291D8B05CD00207D54 /* Project object */;
}
